// !$*UTF8*$!
{
	archiveVersion = 1;
	classes = {
	};
	objectVersion = 50;
	objects = {

/* Begin PBXBuildFile section */
		5309BEEE20DEDDBD00097EAA /* MovieResponse.swift in Sources */ = {isa = PBXBuildFile; fileRef = 5309BEED20DEDDBD00097EAA /* MovieResponse.swift */; };
		531A017320DF323F00CABB15 /* TextTableViewCell.swift in Sources */ = {isa = PBXBuildFile; fileRef = 531A017220DF323F00CABB15 /* TextTableViewCell.swift */; };
		531A017520DF40C400CABB15 /* MovieTableViewCell.swift in Sources */ = {isa = PBXBuildFile; fileRef = 531A017420DF40C400CABB15 /* MovieTableViewCell.swift */; };
		531A017720DF42D100CABB15 /* LoadingIndicatorTableViewCell.swift in Sources */ = {isa = PBXBuildFile; fileRef = 531A017620DF42D100CABB15 /* LoadingIndicatorTableViewCell.swift */; };
		531A017920DF5EC800CABB15 /* ArrayExtensions.swift in Sources */ = {isa = PBXBuildFile; fileRef = 531A017820DF5EC800CABB15 /* ArrayExtensions.swift */; };
		5365EC4520DDD81500AA61AD /* AppDelegate.swift in Sources */ = {isa = PBXBuildFile; fileRef = 5365EC4420DDD81500AA61AD /* AppDelegate.swift */; };
		5365EC4A20DDD81600AA61AD /* Main.storyboard in Resources */ = {isa = PBXBuildFile; fileRef = 5365EC4820DDD81600AA61AD /* Main.storyboard */; };
		5365EC4D20DDD81600AA61AD /* BluebirdChallenge.xcdatamodeld in Sources */ = {isa = PBXBuildFile; fileRef = 5365EC4B20DDD81600AA61AD /* BluebirdChallenge.xcdatamodeld */; };
		5365EC4F20DDD81600AA61AD /* Assets.xcassets in Resources */ = {isa = PBXBuildFile; fileRef = 5365EC4E20DDD81600AA61AD /* Assets.xcassets */; };
		5365EC5220DDD81600AA61AD /* LaunchScreen.storyboard in Resources */ = {isa = PBXBuildFile; fileRef = 5365EC5020DDD81600AA61AD /* LaunchScreen.storyboard */; };
		5365EC5D20DDD81600AA61AD /* BluebirdChallengeTests.swift in Sources */ = {isa = PBXBuildFile; fileRef = 5365EC5C20DDD81600AA61AD /* BluebirdChallengeTests.swift */; };
		5365EC7020DDDB6800AA61AD /* URLRequestExtensions.swift in Sources */ = {isa = PBXBuildFile; fileRef = 5365EC6F20DDDB6800AA61AD /* URLRequestExtensions.swift */; };
		5365EC7220DDDCF500AA61AD /* NetworkDispatcher.swift in Sources */ = {isa = PBXBuildFile; fileRef = 5365EC7120DDDCF500AA61AD /* NetworkDispatcher.swift */; };
		5365EC7420DDDD2B00AA61AD /* NetworkEnvironment.swift in Sources */ = {isa = PBXBuildFile; fileRef = 5365EC7320DDDD2B00AA61AD /* NetworkEnvironment.swift */; };
		5365EC7620DDDDA600AA61AD /* NetworkRequest.swift in Sources */ = {isa = PBXBuildFile; fileRef = 5365EC7520DDDDA600AA61AD /* NetworkRequest.swift */; };
		5365EC7820DDE09300AA61AD /* NetworkError.swift in Sources */ = {isa = PBXBuildFile; fileRef = 5365EC7720DDE09300AA61AD /* NetworkError.swift */; };
		5365EC7A20DDE62300AA61AD /* MovieDBEnvironment.swift in Sources */ = {isa = PBXBuildFile; fileRef = 5365EC7920DDE62300AA61AD /* MovieDBEnvironment.swift */; };
		5365EC7C20DDE78300AA61AD /* MovieRequet.swift in Sources */ = {isa = PBXBuildFile; fileRef = 5365EC7B20DDE78300AA61AD /* MovieRequet.swift */; };
		5365EC7E20DDE79C00AA61AD /* ImageRequest.swift in Sources */ = {isa = PBXBuildFile; fileRef = 5365EC7D20DDE79C00AA61AD /* ImageRequest.swift */; };
		5365EC8120DEC40600AA61AD /* URLSessionDispatcher.swift in Sources */ = {isa = PBXBuildFile; fileRef = 5365EC8020DEC40600AA61AD /* URLSessionDispatcher.swift */; };
		5365EC8420DEDB2A00AA61AD /* MovieListResponse.swift in Sources */ = {isa = PBXBuildFile; fileRef = 5365EC8320DEDB2A00AA61AD /* MovieListResponse.swift */; };
		53819F9920DEF0640018522F /* DateUtility.swift in Sources */ = {isa = PBXBuildFile; fileRef = 53819F9820DEF0640018522F /* DateUtility.swift */; };
		53819F9B20DEF1EB0018522F /* JSONDecoderUtility.swift in Sources */ = {isa = PBXBuildFile; fileRef = 53819F9A20DEF1EB0018522F /* JSONDecoderUtility.swift */; };
		53819F9D20DEFCEC0018522F /* GenreResponse.swift in Sources */ = {isa = PBXBuildFile; fileRef = 53819F9C20DEFCEC0018522F /* GenreResponse.swift */; };
		53819FA320DF03DD0018522F /* Genre+CoreDataClass.swift in Sources */ = {isa = PBXBuildFile; fileRef = 53819F9F20DF03DD0018522F /* Genre+CoreDataClass.swift */; };
		53819FA420DF03DD0018522F /* Genre+CoreDataProperties.swift in Sources */ = {isa = PBXBuildFile; fileRef = 53819FA020DF03DD0018522F /* Genre+CoreDataProperties.swift */; };
		53819FA520DF03DD0018522F /* SearchItem+CoreDataClass.swift in Sources */ = {isa = PBXBuildFile; fileRef = 53819FA120DF03DD0018522F /* SearchItem+CoreDataClass.swift */; };
		53819FA620DF03DD0018522F /* SearchItem+CoreDataProperties.swift in Sources */ = {isa = PBXBuildFile; fileRef = 53819FA220DF03DD0018522F /* SearchItem+CoreDataProperties.swift */; };
		53819FAB20DF0A840018522F /* MovieSearchViewController.swift in Sources */ = {isa = PBXBuildFile; fileRef = 53819FAA20DF0A840018522F /* MovieSearchViewController.swift */; };
		53819FAD20DF0A9E0018522F /* MovieDetailViewController.swift in Sources */ = {isa = PBXBuildFile; fileRef = 53819FAC20DF0A9E0018522F /* MovieDetailViewController.swift */; };
		53819FAF20DF13130018522F /* MovieListViewModel.swift in Sources */ = {isa = PBXBuildFile; fileRef = 53819FAE20DF13130018522F /* MovieListViewModel.swift */; };
/* End PBXBuildFile section */

/* Begin PBXContainerItemProxy section */
		5365EC5920DDD81600AA61AD /* PBXContainerItemProxy */ = {
			isa = PBXContainerItemProxy;
			containerPortal = 5365EC3920DDD81500AA61AD /* Project object */;
			proxyType = 1;
			remoteGlobalIDString = 5365EC4020DDD81500AA61AD;
			remoteInfo = BluebirdChallenge;
		};
/* End PBXContainerItemProxy section */

/* Begin PBXFileReference section */
		5309BEED20DEDDBD00097EAA /* MovieResponse.swift */ = {isa = PBXFileReference; lastKnownFileType = sourcecode.swift; path = MovieResponse.swift; sourceTree = "<group>"; };
		531A017220DF323F00CABB15 /* TextTableViewCell.swift */ = {isa = PBXFileReference; lastKnownFileType = sourcecode.swift; path = TextTableViewCell.swift; sourceTree = "<group>"; };
		531A017420DF40C400CABB15 /* MovieTableViewCell.swift */ = {isa = PBXFileReference; lastKnownFileType = sourcecode.swift; path = MovieTableViewCell.swift; sourceTree = "<group>"; };
		531A017620DF42D100CABB15 /* LoadingIndicatorTableViewCell.swift */ = {isa = PBXFileReference; lastKnownFileType = sourcecode.swift; path = LoadingIndicatorTableViewCell.swift; sourceTree = "<group>"; };
		531A017820DF5EC800CABB15 /* ArrayExtensions.swift */ = {isa = PBXFileReference; lastKnownFileType = sourcecode.swift; path = ArrayExtensions.swift; sourceTree = "<group>"; };
		5365EC4120DDD81500AA61AD /* BluebirdChallenge.app */ = {isa = PBXFileReference; explicitFileType = wrapper.application; includeInIndex = 0; path = BluebirdChallenge.app; sourceTree = BUILT_PRODUCTS_DIR; };
		5365EC4420DDD81500AA61AD /* AppDelegate.swift */ = {isa = PBXFileReference; lastKnownFileType = sourcecode.swift; path = AppDelegate.swift; sourceTree = "<group>"; };
		5365EC4920DDD81600AA61AD /* Base */ = {isa = PBXFileReference; lastKnownFileType = file.storyboard; name = Base; path = Base.lproj/Main.storyboard; sourceTree = "<group>"; };
		5365EC4C20DDD81600AA61AD /* BluebirdChallenge.xcdatamodel */ = {isa = PBXFileReference; lastKnownFileType = wrapper.xcdatamodel; path = BluebirdChallenge.xcdatamodel; sourceTree = "<group>"; };
		5365EC4E20DDD81600AA61AD /* Assets.xcassets */ = {isa = PBXFileReference; lastKnownFileType = folder.assetcatalog; path = Assets.xcassets; sourceTree = "<group>"; };
		5365EC5120DDD81600AA61AD /* Base */ = {isa = PBXFileReference; lastKnownFileType = file.storyboard; name = Base; path = Base.lproj/LaunchScreen.storyboard; sourceTree = "<group>"; };
		5365EC5320DDD81600AA61AD /* Info.plist */ = {isa = PBXFileReference; lastKnownFileType = text.plist.xml; path = Info.plist; sourceTree = "<group>"; };
		5365EC5820DDD81600AA61AD /* BluebirdChallengeTests.xctest */ = {isa = PBXFileReference; explicitFileType = wrapper.cfbundle; includeInIndex = 0; path = BluebirdChallengeTests.xctest; sourceTree = BUILT_PRODUCTS_DIR; };
		5365EC5C20DDD81600AA61AD /* BluebirdChallengeTests.swift */ = {isa = PBXFileReference; lastKnownFileType = sourcecode.swift; path = BluebirdChallengeTests.swift; sourceTree = "<group>"; };
		5365EC5E20DDD81600AA61AD /* Info.plist */ = {isa = PBXFileReference; lastKnownFileType = text.plist.xml; path = Info.plist; sourceTree = "<group>"; };
		5365EC6F20DDDB6800AA61AD /* URLRequestExtensions.swift */ = {isa = PBXFileReference; lastKnownFileType = sourcecode.swift; path = URLRequestExtensions.swift; sourceTree = "<group>"; };
		5365EC7120DDDCF500AA61AD /* NetworkDispatcher.swift */ = {isa = PBXFileReference; lastKnownFileType = sourcecode.swift; path = NetworkDispatcher.swift; sourceTree = "<group>"; };
		5365EC7320DDDD2B00AA61AD /* NetworkEnvironment.swift */ = {isa = PBXFileReference; lastKnownFileType = sourcecode.swift; path = NetworkEnvironment.swift; sourceTree = "<group>"; };
		5365EC7520DDDDA600AA61AD /* NetworkRequest.swift */ = {isa = PBXFileReference; lastKnownFileType = sourcecode.swift; path = NetworkRequest.swift; sourceTree = "<group>"; };
		5365EC7720DDE09300AA61AD /* NetworkError.swift */ = {isa = PBXFileReference; lastKnownFileType = sourcecode.swift; path = NetworkError.swift; sourceTree = "<group>"; };
		5365EC7920DDE62300AA61AD /* MovieDBEnvironment.swift */ = {isa = PBXFileReference; lastKnownFileType = sourcecode.swift; path = MovieDBEnvironment.swift; sourceTree = "<group>"; };
		5365EC7B20DDE78300AA61AD /* MovieRequet.swift */ = {isa = PBXFileReference; lastKnownFileType = sourcecode.swift; path = MovieRequet.swift; sourceTree = "<group>"; };
		5365EC7D20DDE79C00AA61AD /* ImageRequest.swift */ = {isa = PBXFileReference; lastKnownFileType = sourcecode.swift; path = ImageRequest.swift; sourceTree = "<group>"; };
		5365EC8020DEC40600AA61AD /* URLSessionDispatcher.swift */ = {isa = PBXFileReference; lastKnownFileType = sourcecode.swift; path = URLSessionDispatcher.swift; sourceTree = "<group>"; };
		5365EC8320DEDB2A00AA61AD /* MovieListResponse.swift */ = {isa = PBXFileReference; lastKnownFileType = sourcecode.swift; path = MovieListResponse.swift; sourceTree = "<group>"; };
		53819F9820DEF0640018522F /* DateUtility.swift */ = {isa = PBXFileReference; lastKnownFileType = sourcecode.swift; path = DateUtility.swift; sourceTree = "<group>"; };
		53819F9A20DEF1EB0018522F /* JSONDecoderUtility.swift */ = {isa = PBXFileReference; lastKnownFileType = sourcecode.swift; path = JSONDecoderUtility.swift; sourceTree = "<group>"; };
		53819F9C20DEFCEC0018522F /* GenreResponse.swift */ = {isa = PBXFileReference; lastKnownFileType = sourcecode.swift; path = GenreResponse.swift; sourceTree = "<group>"; };
		53819F9F20DF03DD0018522F /* Genre+CoreDataClass.swift */ = {isa = PBXFileReference; lastKnownFileType = sourcecode.swift; path = "Genre+CoreDataClass.swift"; sourceTree = "<group>"; };
		53819FA020DF03DD0018522F /* Genre+CoreDataProperties.swift */ = {isa = PBXFileReference; lastKnownFileType = sourcecode.swift; path = "Genre+CoreDataProperties.swift"; sourceTree = "<group>"; };
		53819FA120DF03DD0018522F /* SearchItem+CoreDataClass.swift */ = {isa = PBXFileReference; lastKnownFileType = sourcecode.swift; path = "SearchItem+CoreDataClass.swift"; sourceTree = "<group>"; };
		53819FA220DF03DD0018522F /* SearchItem+CoreDataProperties.swift */ = {isa = PBXFileReference; lastKnownFileType = sourcecode.swift; path = "SearchItem+CoreDataProperties.swift"; sourceTree = "<group>"; };
		53819FAA20DF0A840018522F /* MovieSearchViewController.swift */ = {isa = PBXFileReference; lastKnownFileType = sourcecode.swift; path = MovieSearchViewController.swift; sourceTree = "<group>"; };
		53819FAC20DF0A9E0018522F /* MovieDetailViewController.swift */ = {isa = PBXFileReference; lastKnownFileType = sourcecode.swift; path = MovieDetailViewController.swift; sourceTree = "<group>"; };
		53819FAE20DF13130018522F /* MovieListViewModel.swift */ = {isa = PBXFileReference; lastKnownFileType = sourcecode.swift; path = MovieListViewModel.swift; sourceTree = "<group>"; };
/* End PBXFileReference section */

/* Begin PBXFrameworksBuildPhase section */
		5365EC3E20DDD81500AA61AD /* Frameworks */ = {
			isa = PBXFrameworksBuildPhase;
			buildActionMask = 2147483647;
			files = (
			);
			runOnlyForDeploymentPostprocessing = 0;
		};
		5365EC5520DDD81600AA61AD /* Frameworks */ = {
			isa = PBXFrameworksBuildPhase;
			buildActionMask = 2147483647;
			files = (
			);
			runOnlyForDeploymentPostprocessing = 0;
		};
/* End PBXFrameworksBuildPhase section */

/* Begin PBXGroup section */
		531A017120DF322400CABB15 /* Cells */ = {
			isa = PBXGroup;
			children = (
				531A017220DF323F00CABB15 /* TextTableViewCell.swift */,
				531A017620DF42D100CABB15 /* LoadingIndicatorTableViewCell.swift */,
				531A017420DF40C400CABB15 /* MovieTableViewCell.swift */,
			);
			path = Cells;
			sourceTree = "<group>";
		};
		5365EC3820DDD81500AA61AD = {
			isa = PBXGroup;
			children = (
				5365EC4320DDD81500AA61AD /* BluebirdChallenge */,
				5365EC5B20DDD81600AA61AD /* BluebirdChallengeTests */,
				5365EC4220DDD81500AA61AD /* Products */,
			);
			sourceTree = "<group>";
		};
		5365EC4220DDD81500AA61AD /* Products */ = {
			isa = PBXGroup;
			children = (
				5365EC4120DDD81500AA61AD /* BluebirdChallenge.app */,
				5365EC5820DDD81600AA61AD /* BluebirdChallengeTests.xctest */,
			);
			name = Products;
			sourceTree = "<group>";
		};
		5365EC4320DDD81500AA61AD /* BluebirdChallenge */ = {
			isa = PBXGroup;
			children = (
				5365EC4820DDD81600AA61AD /* Main.storyboard */,
				53819FA720DF09910018522F /* View Controllers */,
				5365EC6A20DDD9F700AA61AD /* Network Layer */,
				5365EC6720DDD85500AA61AD /* Model */,
				5365EC6C20DDDA4000AA61AD /* Extensions */,
				53819F9720DEF0180018522F /* Helper */,
				5365EC6820DDD8F300AA61AD /* Miscellaneous */,
			);
			path = BluebirdChallenge;
			sourceTree = "<group>";
		};
		5365EC5B20DDD81600AA61AD /* BluebirdChallengeTests */ = {
			isa = PBXGroup;
			children = (
				5365EC5C20DDD81600AA61AD /* BluebirdChallengeTests.swift */,
				5365EC5E20DDD81600AA61AD /* Info.plist */,
			);
			path = BluebirdChallengeTests;
			sourceTree = "<group>";
		};
		5365EC6720DDD85500AA61AD /* Model */ = {
			isa = PBXGroup;
			children = (
				5365EC4B20DDD81600AA61AD /* BluebirdChallenge.xcdatamodeld */,
				53819FB020DF13190018522F /* View Models */,
				53819F9E20DF02250018522F /* Model Objects */,
				5365EC8220DEDAAC00AA61AD /* Value Objects */,
			);
			path = Model;
			sourceTree = "<group>";
		};
		5365EC6820DDD8F300AA61AD /* Miscellaneous */ = {
			isa = PBXGroup;
			children = (
				5365EC4420DDD81500AA61AD /* AppDelegate.swift */,
				5365EC4E20DDD81600AA61AD /* Assets.xcassets */,
				5365EC5020DDD81600AA61AD /* LaunchScreen.storyboard */,
				5365EC5320DDD81600AA61AD /* Info.plist */,
			);
			path = Miscellaneous;
			sourceTree = "<group>";
		};
		5365EC6A20DDD9F700AA61AD /* Network Layer */ = {
			isa = PBXGroup;
			children = (
				5365EC7F20DEC3B400AA61AD /* Dispatcher */,
				5365EC6D20DDDA6E00AA61AD /* Environment */,
				5365EC6E20DDDA7400AA61AD /* Requests */,
				5365EC6B20DDDA1B00AA61AD /* Framework */,
			);
			path = "Network Layer";
			sourceTree = "<group>";
		};
		5365EC6B20DDDA1B00AA61AD /* Framework */ = {
			isa = PBXGroup;
			children = (
				5365EC7120DDDCF500AA61AD /* NetworkDispatcher.swift */,
				5365EC7720DDE09300AA61AD /* NetworkError.swift */,
				5365EC7320DDDD2B00AA61AD /* NetworkEnvironment.swift */,
				5365EC7520DDDDA600AA61AD /* NetworkRequest.swift */,
			);
			path = Framework;
			sourceTree = "<group>";
		};
		5365EC6C20DDDA4000AA61AD /* Extensions */ = {
			isa = PBXGroup;
			children = (
				5365EC6F20DDDB6800AA61AD /* URLRequestExtensions.swift */,
				531A017820DF5EC800CABB15 /* ArrayExtensions.swift */,
			);
			path = Extensions;
			sourceTree = "<group>";
		};
		5365EC6D20DDDA6E00AA61AD /* Environment */ = {
			isa = PBXGroup;
			children = (
				5365EC7920DDE62300AA61AD /* MovieDBEnvironment.swift */,
			);
			path = Environment;
			sourceTree = "<group>";
		};
		5365EC6E20DDDA7400AA61AD /* Requests */ = {
			isa = PBXGroup;
			children = (
				5365EC7B20DDE78300AA61AD /* MovieRequet.swift */,
				5365EC7D20DDE79C00AA61AD /* ImageRequest.swift */,
			);
			path = Requests;
			sourceTree = "<group>";
		};
		5365EC7F20DEC3B400AA61AD /* Dispatcher */ = {
			isa = PBXGroup;
			children = (
				5365EC8020DEC40600AA61AD /* URLSessionDispatcher.swift */,
			);
			path = Dispatcher;
			sourceTree = "<group>";
		};
		5365EC8220DEDAAC00AA61AD /* Value Objects */ = {
			isa = PBXGroup;
			children = (
				5365EC8320DEDB2A00AA61AD /* MovieListResponse.swift */,
				5309BEED20DEDDBD00097EAA /* MovieResponse.swift */,
				53819F9C20DEFCEC0018522F /* GenreResponse.swift */,
			);
			path = "Value Objects";
			sourceTree = "<group>";
		};
		53819F9720DEF0180018522F /* Helper */ = {
			isa = PBXGroup;
			children = (
				53819F9820DEF0640018522F /* DateUtility.swift */,
				53819F9A20DEF1EB0018522F /* JSONDecoderUtility.swift */,
			);
			path = Helper;
			sourceTree = "<group>";
		};
		53819F9E20DF02250018522F /* Model Objects */ = {
			isa = PBXGroup;
			children = (
				53819F9F20DF03DD0018522F /* Genre+CoreDataClass.swift */,
				53819FA020DF03DD0018522F /* Genre+CoreDataProperties.swift */,
				53819FA120DF03DD0018522F /* SearchItem+CoreDataClass.swift */,
				53819FA220DF03DD0018522F /* SearchItem+CoreDataProperties.swift */,
			);
			path = "Model Objects";
			sourceTree = "<group>";
		};
		53819FA720DF09910018522F /* View Controllers */ = {
			isa = PBXGroup;
			children = (
				53819FA920DF09D70018522F /* Movie Search */,
				53819FA820DF09CF0018522F /* Movie Detail */,
			);
			path = "View Controllers";
			sourceTree = "<group>";
		};
		53819FA820DF09CF0018522F /* Movie Detail */ = {
			isa = PBXGroup;
			children = (
				53819FAC20DF0A9E0018522F /* MovieDetailViewController.swift */,
			);
			path = "Movie Detail";
			sourceTree = "<group>";
		};
		53819FA920DF09D70018522F /* Movie Search */ = {
			isa = PBXGroup;
			children = (
				53819FAA20DF0A840018522F /* MovieSearchViewController.swift */,
				531A017120DF322400CABB15 /* Cells */,
			);
			path = "Movie Search";
			sourceTree = "<group>";
		};
		53819FB020DF13190018522F /* View Models */ = {
			isa = PBXGroup;
			children = (
				53819FAE20DF13130018522F /* MovieListViewModel.swift */,
			);
			path = "View Models";
			sourceTree = "<group>";
		};
/* End PBXGroup section */

/* Begin PBXNativeTarget section */
		5365EC4020DDD81500AA61AD /* BluebirdChallenge */ = {
			isa = PBXNativeTarget;
			buildConfigurationList = 5365EC6120DDD81600AA61AD /* Build configuration list for PBXNativeTarget "BluebirdChallenge" */;
			buildPhases = (
				5365EC3D20DDD81500AA61AD /* Sources */,
				5365EC3E20DDD81500AA61AD /* Frameworks */,
				5365EC3F20DDD81500AA61AD /* Resources */,
			);
			buildRules = (
			);
			dependencies = (
			);
			name = BluebirdChallenge;
			productName = BluebirdChallenge;
			productReference = 5365EC4120DDD81500AA61AD /* BluebirdChallenge.app */;
			productType = "com.apple.product-type.application";
		};
		5365EC5720DDD81600AA61AD /* BluebirdChallengeTests */ = {
			isa = PBXNativeTarget;
			buildConfigurationList = 5365EC6420DDD81600AA61AD /* Build configuration list for PBXNativeTarget "BluebirdChallengeTests" */;
			buildPhases = (
				5365EC5420DDD81600AA61AD /* Sources */,
				5365EC5520DDD81600AA61AD /* Frameworks */,
				5365EC5620DDD81600AA61AD /* Resources */,
			);
			buildRules = (
			);
			dependencies = (
				5365EC5A20DDD81600AA61AD /* PBXTargetDependency */,
			);
			name = BluebirdChallengeTests;
			productName = BluebirdChallengeTests;
			productReference = 5365EC5820DDD81600AA61AD /* BluebirdChallengeTests.xctest */;
			productType = "com.apple.product-type.bundle.unit-test";
		};
/* End PBXNativeTarget section */

/* Begin PBXProject section */
		5365EC3920DDD81500AA61AD /* Project object */ = {
			isa = PBXProject;
			attributes = {
				LastSwiftUpdateCheck = 0940;
				LastUpgradeCheck = 0940;
				ORGANIZATIONNAME = "Shawn Moore";
				TargetAttributes = {
					5365EC4020DDD81500AA61AD = {
						CreatedOnToolsVersion = 9.4;
					};
					5365EC5720DDD81600AA61AD = {
						CreatedOnToolsVersion = 9.4;
						TestTargetID = 5365EC4020DDD81500AA61AD;
					};
				};
			};
			buildConfigurationList = 5365EC3C20DDD81500AA61AD /* Build configuration list for PBXProject "BluebirdChallenge" */;
			compatibilityVersion = "Xcode 9.3";
			developmentRegion = en;
			hasScannedForEncodings = 0;
			knownRegions = (
				en,
				Base,
			);
			mainGroup = 5365EC3820DDD81500AA61AD;
			productRefGroup = 5365EC4220DDD81500AA61AD /* Products */;
			projectDirPath = "";
			projectRoot = "";
			targets = (
				5365EC4020DDD81500AA61AD /* BluebirdChallenge */,
				5365EC5720DDD81600AA61AD /* BluebirdChallengeTests */,
			);
		};
/* End PBXProject section */

/* Begin PBXResourcesBuildPhase section */
		5365EC3F20DDD81500AA61AD /* Resources */ = {
			isa = PBXResourcesBuildPhase;
			buildActionMask = 2147483647;
			files = (
				5365EC5220DDD81600AA61AD /* LaunchScreen.storyboard in Resources */,
				5365EC4F20DDD81600AA61AD /* Assets.xcassets in Resources */,
				5365EC4A20DDD81600AA61AD /* Main.storyboard in Resources */,
			);
			runOnlyForDeploymentPostprocessing = 0;
		};
		5365EC5620DDD81600AA61AD /* Resources */ = {
			isa = PBXResourcesBuildPhase;
			buildActionMask = 2147483647;
			files = (
			);
			runOnlyForDeploymentPostprocessing = 0;
		};
/* End PBXResourcesBuildPhase section */

/* Begin PBXSourcesBuildPhase section */
		5365EC3D20DDD81500AA61AD /* Sources */ = {
			isa = PBXSourcesBuildPhase;
			buildActionMask = 2147483647;
			files = (
				5365EC8420DEDB2A00AA61AD /* MovieListResponse.swift in Sources */,
				5365EC7620DDDDA600AA61AD /* NetworkRequest.swift in Sources */,
				5365EC7E20DDE79C00AA61AD /* ImageRequest.swift in Sources */,
				5365EC7820DDE09300AA61AD /* NetworkError.swift in Sources */,
				5365EC7C20DDE78300AA61AD /* MovieRequet.swift in Sources */,
				531A017520DF40C400CABB15 /* MovieTableViewCell.swift in Sources */,
				53819FAB20DF0A840018522F /* MovieSearchViewController.swift in Sources */,
				53819FA520DF03DD0018522F /* SearchItem+CoreDataClass.swift in Sources */,
				5365EC7020DDDB6800AA61AD /* URLRequestExtensions.swift in Sources */,
				53819F9B20DEF1EB0018522F /* JSONDecoderUtility.swift in Sources */,
				5309BEEE20DEDDBD00097EAA /* MovieResponse.swift in Sources */,
				53819F9D20DEFCEC0018522F /* GenreResponse.swift in Sources */,
				5365EC7A20DDE62300AA61AD /* MovieDBEnvironment.swift in Sources */,
				5365EC4D20DDD81600AA61AD /* BluebirdChallenge.xcdatamodeld in Sources */,
				53819F9920DEF0640018522F /* DateUtility.swift in Sources */,
				5365EC7220DDDCF500AA61AD /* NetworkDispatcher.swift in Sources */,
				531A017720DF42D100CABB15 /* LoadingIndicatorTableViewCell.swift in Sources */,
				53819FAF20DF13130018522F /* MovieListViewModel.swift in Sources */,
				5365EC7420DDDD2B00AA61AD /* NetworkEnvironment.swift in Sources */,
				5365EC4520DDD81500AA61AD /* AppDelegate.swift in Sources */,
				531A017320DF323F00CABB15 /* TextTableViewCell.swift in Sources */,
				5365EC8120DEC40600AA61AD /* URLSessionDispatcher.swift in Sources */,
				53819FA420DF03DD0018522F /* Genre+CoreDataProperties.swift in Sources */,
				53819FA320DF03DD0018522F /* Genre+CoreDataClass.swift in Sources */,
				53819FAD20DF0A9E0018522F /* MovieDetailViewController.swift in Sources */,
				531A017920DF5EC800CABB15 /* ArrayExtensions.swift in Sources */,
				53819FA620DF03DD0018522F /* SearchItem+CoreDataProperties.swift in Sources */,
			);
			runOnlyForDeploymentPostprocessing = 0;
		};
		5365EC5420DDD81600AA61AD /* Sources */ = {
			isa = PBXSourcesBuildPhase;
			buildActionMask = 2147483647;
			files = (
				5365EC5D20DDD81600AA61AD /* BluebirdChallengeTests.swift in Sources */,
			);
			runOnlyForDeploymentPostprocessing = 0;
		};
/* End PBXSourcesBuildPhase section */

/* Begin PBXTargetDependency section */
		5365EC5A20DDD81600AA61AD /* PBXTargetDependency */ = {
			isa = PBXTargetDependency;
			target = 5365EC4020DDD81500AA61AD /* BluebirdChallenge */;
			targetProxy = 5365EC5920DDD81600AA61AD /* PBXContainerItemProxy */;
		};
/* End PBXTargetDependency section */

/* Begin PBXVariantGroup section */
		5365EC4820DDD81600AA61AD /* Main.storyboard */ = {
			isa = PBXVariantGroup;
			children = (
				5365EC4920DDD81600AA61AD /* Base */,
			);
			name = Main.storyboard;
			sourceTree = "<group>";
		};
		5365EC5020DDD81600AA61AD /* LaunchScreen.storyboard */ = {
			isa = PBXVariantGroup;
			children = (
				5365EC5120DDD81600AA61AD /* Base */,
			);
			name = LaunchScreen.storyboard;
			sourceTree = "<group>";
		};
/* End PBXVariantGroup section */

/* Begin XCBuildConfiguration section */
		5365EC5F20DDD81600AA61AD /* Debug */ = {
			isa = XCBuildConfiguration;
			buildSettings = {
				ALWAYS_SEARCH_USER_PATHS = NO;
				CLANG_ANALYZER_NONNULL = YES;
				CLANG_ANALYZER_NUMBER_OBJECT_CONVERSION = YES_AGGRESSIVE;
				CLANG_CXX_LANGUAGE_STANDARD = "gnu++14";
				CLANG_CXX_LIBRARY = "libc++";
				CLANG_ENABLE_MODULES = YES;
				CLANG_ENABLE_OBJC_ARC = YES;
				CLANG_ENABLE_OBJC_WEAK = YES;
				CLANG_WARN_BLOCK_CAPTURE_AUTORELEASING = YES;
				CLANG_WARN_BOOL_CONVERSION = YES;
				CLANG_WARN_COMMA = YES;
				CLANG_WARN_CONSTANT_CONVERSION = YES;
				CLANG_WARN_DEPRECATED_OBJC_IMPLEMENTATIONS = YES;
				CLANG_WARN_DIRECT_OBJC_ISA_USAGE = YES_ERROR;
				CLANG_WARN_DOCUMENTATION_COMMENTS = YES;
				CLANG_WARN_EMPTY_BODY = YES;
				CLANG_WARN_ENUM_CONVERSION = YES;
				CLANG_WARN_INFINITE_RECURSION = YES;
				CLANG_WARN_INT_CONVERSION = YES;
				CLANG_WARN_NON_LITERAL_NULL_CONVERSION = YES;
				CLANG_WARN_OBJC_IMPLICIT_RETAIN_SELF = YES;
				CLANG_WARN_OBJC_LITERAL_CONVERSION = YES;
				CLANG_WARN_OBJC_ROOT_CLASS = YES_ERROR;
				CLANG_WARN_RANGE_LOOP_ANALYSIS = YES;
				CLANG_WARN_STRICT_PROTOTYPES = YES;
				CLANG_WARN_SUSPICIOUS_MOVE = YES;
				CLANG_WARN_UNGUARDED_AVAILABILITY = YES_AGGRESSIVE;
				CLANG_WARN_UNREACHABLE_CODE = YES;
				CLANG_WARN__DUPLICATE_METHOD_MATCH = YES;
				CODE_SIGN_IDENTITY = "iPhone Developer";
				COPY_PHASE_STRIP = NO;
				DEBUG_INFORMATION_FORMAT = dwarf;
				ENABLE_STRICT_OBJC_MSGSEND = YES;
				ENABLE_TESTABILITY = YES;
				GCC_C_LANGUAGE_STANDARD = gnu11;
				GCC_DYNAMIC_NO_PIC = NO;
				GCC_NO_COMMON_BLOCKS = YES;
				GCC_OPTIMIZATION_LEVEL = 0;
				GCC_PREPROCESSOR_DEFINITIONS = (
					"DEBUG=1",
					"$(inherited)",
				);
				GCC_WARN_64_TO_32_BIT_CONVERSION = YES;
				GCC_WARN_ABOUT_RETURN_TYPE = YES_ERROR;
				GCC_WARN_UNDECLARED_SELECTOR = YES;
				GCC_WARN_UNINITIALIZED_AUTOS = YES_AGGRESSIVE;
				GCC_WARN_UNUSED_FUNCTION = YES;
				GCC_WARN_UNUSED_VARIABLE = YES;
				IPHONEOS_DEPLOYMENT_TARGET = 11.4;
				MTL_ENABLE_DEBUG_INFO = YES;
				ONLY_ACTIVE_ARCH = YES;
				SDKROOT = iphoneos;
				SWIFT_ACTIVE_COMPILATION_CONDITIONS = DEBUG;
				SWIFT_OPTIMIZATION_LEVEL = "-Onone";
			};
			name = Debug;
		};
		5365EC6020DDD81600AA61AD /* Release */ = {
			isa = XCBuildConfiguration;
			buildSettings = {
				ALWAYS_SEARCH_USER_PATHS = NO;
				CLANG_ANALYZER_NONNULL = YES;
				CLANG_ANALYZER_NUMBER_OBJECT_CONVERSION = YES_AGGRESSIVE;
				CLANG_CXX_LANGUAGE_STANDARD = "gnu++14";
				CLANG_CXX_LIBRARY = "libc++";
				CLANG_ENABLE_MODULES = YES;
				CLANG_ENABLE_OBJC_ARC = YES;
				CLANG_ENABLE_OBJC_WEAK = YES;
				CLANG_WARN_BLOCK_CAPTURE_AUTORELEASING = YES;
				CLANG_WARN_BOOL_CONVERSION = YES;
				CLANG_WARN_COMMA = YES;
				CLANG_WARN_CONSTANT_CONVERSION = YES;
				CLANG_WARN_DEPRECATED_OBJC_IMPLEMENTATIONS = YES;
				CLANG_WARN_DIRECT_OBJC_ISA_USAGE = YES_ERROR;
				CLANG_WARN_DOCUMENTATION_COMMENTS = YES;
				CLANG_WARN_EMPTY_BODY = YES;
				CLANG_WARN_ENUM_CONVERSION = YES;
				CLANG_WARN_INFINITE_RECURSION = YES;
				CLANG_WARN_INT_CONVERSION = YES;
				CLANG_WARN_NON_LITERAL_NULL_CONVERSION = YES;
				CLANG_WARN_OBJC_IMPLICIT_RETAIN_SELF = YES;
				CLANG_WARN_OBJC_LITERAL_CONVERSION = YES;
				CLANG_WARN_OBJC_ROOT_CLASS = YES_ERROR;
				CLANG_WARN_RANGE_LOOP_ANALYSIS = YES;
				CLANG_WARN_STRICT_PROTOTYPES = YES;
				CLANG_WARN_SUSPICIOUS_MOVE = YES;
				CLANG_WARN_UNGUARDED_AVAILABILITY = YES_AGGRESSIVE;
				CLANG_WARN_UNREACHABLE_CODE = YES;
				CLANG_WARN__DUPLICATE_METHOD_MATCH = YES;
				CODE_SIGN_IDENTITY = "iPhone Developer";
				COPY_PHASE_STRIP = NO;
				DEBUG_INFORMATION_FORMAT = "dwarf-with-dsym";
				ENABLE_NS_ASSERTIONS = NO;
				ENABLE_STRICT_OBJC_MSGSEND = YES;
				GCC_C_LANGUAGE_STANDARD = gnu11;
				GCC_NO_COMMON_BLOCKS = YES;
				GCC_WARN_64_TO_32_BIT_CONVERSION = YES;
				GCC_WARN_ABOUT_RETURN_TYPE = YES_ERROR;
				GCC_WARN_UNDECLARED_SELECTOR = YES;
				GCC_WARN_UNINITIALIZED_AUTOS = YES_AGGRESSIVE;
				GCC_WARN_UNUSED_FUNCTION = YES;
				GCC_WARN_UNUSED_VARIABLE = YES;
				IPHONEOS_DEPLOYMENT_TARGET = 11.4;
				MTL_ENABLE_DEBUG_INFO = NO;
				SDKROOT = iphoneos;
				SWIFT_COMPILATION_MODE = wholemodule;
				SWIFT_OPTIMIZATION_LEVEL = "-O";
				VALIDATE_PRODUCT = YES;
			};
			name = Release;
		};
		5365EC6220DDD81600AA61AD /* Debug */ = {
			isa = XCBuildConfiguration;
			buildSettings = {
				ASSETCATALOG_COMPILER_APPICON_NAME = AppIcon;
				CODE_SIGN_STYLE = Automatic;
				DEVELOPMENT_TEAM = 59B8VY99KD;
				INFOPLIST_FILE = "$(SRCROOT)/BluebirdChallenge/Miscellaneous/Info.plist";
				LD_RUNPATH_SEARCH_PATHS = (
					"$(inherited)",
					"@executable_path/Frameworks",
				);
				PRODUCT_BUNDLE_IDENTIFIER = me.shawnmoore.BluebirdChallenge;
				PRODUCT_NAME = "$(TARGET_NAME)";
				SWIFT_VERSION = 4.0;
				TARGETED_DEVICE_FAMILY = "1,2";
			};
			name = Debug;
		};
		5365EC6320DDD81600AA61AD /* Release */ = {
			isa = XCBuildConfiguration;
			buildSettings = {
				ASSETCATALOG_COMPILER_APPICON_NAME = AppIcon;
				CODE_SIGN_STYLE = Automatic;
				DEVELOPMENT_TEAM = 59B8VY99KD;
				INFOPLIST_FILE = "$(SRCROOT)/BluebirdChallenge/Miscellaneous/Info.plist";
				LD_RUNPATH_SEARCH_PATHS = (
					"$(inherited)",
					"@executable_path/Frameworks",
				);
				PRODUCT_BUNDLE_IDENTIFIER = me.shawnmoore.BluebirdChallenge;
				PRODUCT_NAME = "$(TARGET_NAME)";
				SWIFT_VERSION = 4.0;
				TARGETED_DEVICE_FAMILY = "1,2";
			};
			name = Release;
		};
		5365EC6520DDD81600AA61AD /* Debug */ = {
			isa = XCBuildConfiguration;
			buildSettings = {
				ALWAYS_EMBED_SWIFT_STANDARD_LIBRARIES = YES;
				BUNDLE_LOADER = "$(TEST_HOST)";
				CODE_SIGN_STYLE = Automatic;
				DEVELOPMENT_TEAM = 59B8VY99KD;
				INFOPLIST_FILE = BluebirdChallengeTests/Info.plist;
				LD_RUNPATH_SEARCH_PATHS = (
					"$(inherited)",
					"@executable_path/Frameworks",
					"@loader_path/Frameworks",
				);
				PRODUCT_BUNDLE_IDENTIFIER = me.shawnmoore.BluebirdChallengeTests;
				PRODUCT_NAME = "$(TARGET_NAME)";
				SWIFT_VERSION = 4.0;
				TARGETED_DEVICE_FAMILY = "1,2";
				TEST_HOST = "$(BUILT_PRODUCTS_DIR)/BluebirdChallenge.app/BluebirdChallenge";
			};
			name = Debug;
		};
		5365EC6620DDD81600AA61AD /* Release */ = {
			isa = XCBuildConfiguration;
			buildSettings = {
				ALWAYS_EMBED_SWIFT_STANDARD_LIBRARIES = YES;
				BUNDLE_LOADER = "$(TEST_HOST)";
				CODE_SIGN_STYLE = Automatic;
				DEVELOPMENT_TEAM = 59B8VY99KD;
				INFOPLIST_FILE = BluebirdChallengeTests/Info.plist;
				LD_RUNPATH_SEARCH_PATHS = (
					"$(inherited)",
					"@executable_path/Frameworks",
					"@loader_path/Frameworks",
				);
				PRODUCT_BUNDLE_IDENTIFIER = me.shawnmoore.BluebirdChallengeTests;
				PRODUCT_NAME = "$(TARGET_NAME)";
				SWIFT_VERSION = 4.0;
				TARGETED_DEVICE_FAMILY = "1,2";
				TEST_HOST = "$(BUILT_PRODUCTS_DIR)/BluebirdChallenge.app/BluebirdChallenge";
			};
			name = Release;
		};
/* End XCBuildConfiguration section */

/* Begin XCConfigurationList section */
		5365EC3C20DDD81500AA61AD /* Build configuration list for PBXProject "BluebirdChallenge" */ = {
			isa = XCConfigurationList;
			buildConfigurations = (
				5365EC5F20DDD81600AA61AD /* Debug */,
				5365EC6020DDD81600AA61AD /* Release */,
			);
			defaultConfigurationIsVisible = 0;
			defaultConfigurationName = Release;
		};
		5365EC6120DDD81600AA61AD /* Build configuration list for PBXNativeTarget "BluebirdChallenge" */ = {
			isa = XCConfigurationList;
			buildConfigurations = (
				5365EC6220DDD81600AA61AD /* Debug */,
				5365EC6320DDD81600AA61AD /* Release */,
			);
			defaultConfigurationIsVisible = 0;
			defaultConfigurationName = Release;
		};
		5365EC6420DDD81600AA61AD /* Build configuration list for PBXNativeTarget "BluebirdChallengeTests" */ = {
			isa = XCConfigurationList;
			buildConfigurations = (
				5365EC6520DDD81600AA61AD /* Debug */,
				5365EC6620DDD81600AA61AD /* Release */,
			);
			defaultConfigurationIsVisible = 0;
			defaultConfigurationName = Release;
		};
/* End XCConfigurationList section */

/* Begin XCVersionGroup section */
		5365EC4B20DDD81600AA61AD /* BluebirdChallenge.xcdatamodeld */ = {
			isa = XCVersionGroup;
			children = (
				5365EC4C20DDD81600AA61AD /* BluebirdChallenge.xcdatamodel */,
			);
			currentVersion = 5365EC4C20DDD81600AA61AD /* BluebirdChallenge.xcdatamodel */;
			path = BluebirdChallenge.xcdatamodeld;
			sourceTree = "<group>";
			versionGroupType = wrapper.xcdatamodel;
		};
/* End XCVersionGroup section */
	};
	rootObject = 5365EC3920DDD81500AA61AD /* Project object */;
}
